// !$*UTF8*$!
{
	archiveVersion = 1;
	classes = {
	};
	objectVersion = 56;
	objects = {

/* Begin PBXBuildFile section */
		D8029A2529FCE15D0055413C /* AppsPageHeader.swift in Sources */ = {isa = PBXBuildFile; fileRef = D8029A2429FCE15D0055413C /* AppsPageHeader.swift */; };
		D8029A2729FCE5850055413C /* AppsHeaderHorizontalController.swift in Sources */ = {isa = PBXBuildFile; fileRef = D8029A2629FCE5850055413C /* AppsHeaderHorizontalController.swift */; };
		D8029A2929FCE8E40055413C /* AppsHeaderCell.swift in Sources */ = {isa = PBXBuildFile; fileRef = D8029A2829FCE8E40055413C /* AppsHeaderCell.swift */; };
		D8029A2B29FE49840055413C /* AppGroup.swift in Sources */ = {isa = PBXBuildFile; fileRef = D8029A2A29FE49840055413C /* AppGroup.swift */; };
		D80385B629F505E200D68B01 /* AppDelegate.swift in Sources */ = {isa = PBXBuildFile; fileRef = D80385B529F505E200D68B01 /* AppDelegate.swift */; };
		D80385B829F505E200D68B01 /* SceneDelegate.swift in Sources */ = {isa = PBXBuildFile; fileRef = D80385B729F505E200D68B01 /* SceneDelegate.swift */; };
		D80385BA29F505E200D68B01 /* ViewController.swift in Sources */ = {isa = PBXBuildFile; fileRef = D80385B929F505E200D68B01 /* ViewController.swift */; };
		D80385BD29F505E200D68B01 /* Main.storyboard in Resources */ = {isa = PBXBuildFile; fileRef = D80385BB29F505E200D68B01 /* Main.storyboard */; };
		D80385BF29F505E400D68B01 /* Assets.xcassets in Resources */ = {isa = PBXBuildFile; fileRef = D80385BE29F505E400D68B01 /* Assets.xcassets */; };
		D80385C229F505E400D68B01 /* LaunchScreen.storyboard in Resources */ = {isa = PBXBuildFile; fileRef = D80385C029F505E400D68B01 /* LaunchScreen.storyboard */; };
		D80385CA29F507CD00D68B01 /* BaseTabBarController.swift in Sources */ = {isa = PBXBuildFile; fileRef = D80385C929F507CD00D68B01 /* BaseTabBarController.swift */; };
		D80385CD29F5695600D68B01 /* AppsSearchController.swift in Sources */ = {isa = PBXBuildFile; fileRef = D80385CC29F5695600D68B01 /* AppsSearchController.swift */; };
		D80DD2102A18DBDB00868295 /* TodayMultipleAppsController.swift in Sources */ = {isa = PBXBuildFile; fileRef = D80DD20F2A18DBDB00868295 /* TodayMultipleAppsController.swift */; };
		D80DD2122A18DDCF00868295 /* MultipleAppCell.swift in Sources */ = {isa = PBXBuildFile; fileRef = D80DD2112A18DDCF00868295 /* MultipleAppCell.swift */; };
		D80DD2142A1CFDBF00868295 /* BackEnabledNavigationController.swift in Sources */ = {isa = PBXBuildFile; fileRef = D80DD2132A1CFDBF00868295 /* BackEnabledNavigationController.swift */; };
		D842B26629F92B5E003DB1BA /* SDWebImage in Frameworks */ = {isa = PBXBuildFile; productRef = D842B26529F92B5E003DB1BA /* SDWebImage */; };
		D84549DF2A24D9D80082F841 /* MusicController.swift in Sources */ = {isa = PBXBuildFile; fileRef = D84549DE2A24D9D80082F841 /* MusicController.swift */; };
		D84549E22A24DBF90082F841 /* TrackCell.swift in Sources */ = {isa = PBXBuildFile; fileRef = D84549E12A24DBF90082F841 /* TrackCell.swift */; };
		D84549E42A24E7A60082F841 /* MusicLoadingFooter.swift in Sources */ = {isa = PBXBuildFile; fileRef = D84549E32A24E7A60082F841 /* MusicLoadingFooter.swift */; };
		D84549E72A25E7C60082F841 /* AppsCompositionalView.swift in Sources */ = {isa = PBXBuildFile; fileRef = D84549E62A25E7C60082F841 /* AppsCompositionalView.swift */; };
		D86952F92A09121B0015C60F /* PreviewCell.swift in Sources */ = {isa = PBXBuildFile; fileRef = D86952F82A09121B0015C60F /* PreviewCell.swift */; };
		D86952FB2A093B3D0015C60F /* PreviewScreenshotsController.swift in Sources */ = {isa = PBXBuildFile; fileRef = D86952FA2A093B3D0015C60F /* PreviewScreenshotsController.swift */; };
		D86952FD2A0A9D080015C60F /* ReviewRowCell.swift in Sources */ = {isa = PBXBuildFile; fileRef = D86952FC2A0A9D080015C60F /* ReviewRowCell.swift */; };
		D86952FF2A0BA3670015C60F /* ReviewsController.swift in Sources */ = {isa = PBXBuildFile; fileRef = D86952FE2A0BA3670015C60F /* ReviewsController.swift */; };
		D86953012A0BA6870015C60F /* ReviewCell.swift in Sources */ = {isa = PBXBuildFile; fileRef = D86953002A0BA6870015C60F /* ReviewCell.swift */; };
		D86953032A0BCFC40015C60F /* Reviews.swift in Sources */ = {isa = PBXBuildFile; fileRef = D86953022A0BCFC40015C60F /* Reviews.swift */; };
		D86953062A0F93810015C60F /* TodayController.swift in Sources */ = {isa = PBXBuildFile; fileRef = D86953052A0F93810015C60F /* TodayController.swift */; };
		D86953092A0F94DF0015C60F /* TodayCell.swift in Sources */ = {isa = PBXBuildFile; fileRef = D86953082A0F94DF0015C60F /* TodayCell.swift */; };
		D8B055622A12471B0062A2C4 /* AppFullscreenController.swift in Sources */ = {isa = PBXBuildFile; fileRef = D8B055612A12471B0062A2C4 /* AppFullscreenController.swift */; };
		D8B055642A125FE70062A2C4 /* AppFullscreenDescriptionCell.swift in Sources */ = {isa = PBXBuildFile; fileRef = D8B055632A125FE70062A2C4 /* AppFullscreenDescriptionCell.swift */; };
		D8B055662A13C9F30062A2C4 /* AppFullscreenHeaderCell.swift in Sources */ = {isa = PBXBuildFile; fileRef = D8B055652A13C9F30062A2C4 /* AppFullscreenHeaderCell.swift */; };
		D8B055682A1514C90062A2C4 /* TodayItem.swift in Sources */ = {isa = PBXBuildFile; fileRef = D8B055672A1514C90062A2C4 /* TodayItem.swift */; };
		D8BC34322A0149A00025B382 /* SocialApp.swift in Sources */ = {isa = PBXBuildFile; fileRef = D8BC34312A0149A00025B382 /* SocialApp.swift */; };
		D8BC34342A02B2C20025B382 /* HorizontalSnappingController.swift in Sources */ = {isa = PBXBuildFile; fileRef = D8BC34332A02B2C20025B382 /* HorizontalSnappingController.swift */; };
		D8BC34362A03DFFC0025B382 /* BetterSnappingLayout.swift in Sources */ = {isa = PBXBuildFile; fileRef = D8BC34352A03DFFC0025B382 /* BetterSnappingLayout.swift */; };
		D8BC34392A053AB60025B382 /* AppDetailController.swift in Sources */ = {isa = PBXBuildFile; fileRef = D8BC34382A053AB60025B382 /* AppDetailController.swift */; };
		D8BC343C2A054B350025B382 /* AppDetailCell.swift in Sources */ = {isa = PBXBuildFile; fileRef = D8BC343B2A054B350025B382 /* AppDetailCell.swift */; };
		D8BEF46729F6A721004FD9A1 /* SearchResultCell.swift in Sources */ = {isa = PBXBuildFile; fileRef = D8BEF46629F6A721004FD9A1 /* SearchResultCell.swift */; };
		D8BEF46A29F6C9AB004FD9A1 /* UIView+Layout.swift in Sources */ = {isa = PBXBuildFile; fileRef = D8BEF46929F6C9AB004FD9A1 /* UIView+Layout.swift */; };
		D8BEF46C29F6DD13004FD9A1 /* VerticalStackView.swift in Sources */ = {isa = PBXBuildFile; fileRef = D8BEF46B29F6DD13004FD9A1 /* VerticalStackView.swift */; };
		D8CA97BA29F7DB3700F670DA /* SearchResult.swift in Sources */ = {isa = PBXBuildFile; fileRef = D8CA97B929F7DB3700F670DA /* SearchResult.swift */; };
		D8CA97BD29F8001E00F670DA /* Service.swift in Sources */ = {isa = PBXBuildFile; fileRef = D8CA97BC29F8001E00F670DA /* Service.swift */; };
		D8E1705729FBD32F009E3D34 /* AppsPageController.swift in Sources */ = {isa = PBXBuildFile; fileRef = D8E1705629FBD32F009E3D34 /* AppsPageController.swift */; };
		D8E1705929FBD4DB009E3D34 /* BaseListController.swift in Sources */ = {isa = PBXBuildFile; fileRef = D8E1705829FBD4DB009E3D34 /* BaseListController.swift */; };
		D8E1705D29FBD873009E3D34 /* AppsGroupCell.swift in Sources */ = {isa = PBXBuildFile; fileRef = D8E1705C29FBD873009E3D34 /* AppsGroupCell.swift */; };
		D8E1705F29FBE067009E3D34 /* AppsHorizontalController.swift in Sources */ = {isa = PBXBuildFile; fileRef = D8E1705E29FBE067009E3D34 /* AppsHorizontalController.swift */; };
		D8E1706129FC04B3009E3D34 /* AppRowCell.swift in Sources */ = {isa = PBXBuildFile; fileRef = D8E1706029FC04B3009E3D34 /* AppRowCell.swift */; };
		D8E1706329FC08B6009E3D34 /* Extensions.swift in Sources */ = {isa = PBXBuildFile; fileRef = D8E1706229FC08B6009E3D34 /* Extensions.swift */; };
		D8E71B732A17A82300E5D6D0 /* TodayMultipleAppCell.swift in Sources */ = {isa = PBXBuildFile; fileRef = D8E71B722A17A82300E5D6D0 /* TodayMultipleAppCell.swift */; };
		D8E71B752A17B7C300E5D6D0 /* BaseTodayCell.swift in Sources */ = {isa = PBXBuildFile; fileRef = D8E71B742A17B7C300E5D6D0 /* BaseTodayCell.swift */; };
/* End PBXBuildFile section */

/* Begin PBXFileReference section */
		D8029A2429FCE15D0055413C /* AppsPageHeader.swift */ = {isa = PBXFileReference; lastKnownFileType = sourcecode.swift; path = AppsPageHeader.swift; sourceTree = "<group>"; };
		D8029A2629FCE5850055413C /* AppsHeaderHorizontalController.swift */ = {isa = PBXFileReference; lastKnownFileType = sourcecode.swift; path = AppsHeaderHorizontalController.swift; sourceTree = "<group>"; };
		D8029A2829FCE8E40055413C /* AppsHeaderCell.swift */ = {isa = PBXFileReference; lastKnownFileType = sourcecode.swift; path = AppsHeaderCell.swift; sourceTree = "<group>"; };
		D8029A2A29FE49840055413C /* AppGroup.swift */ = {isa = PBXFileReference; lastKnownFileType = sourcecode.swift; path = AppGroup.swift; sourceTree = "<group>"; };
		D80385B229F505E200D68B01 /* AppStoreJA.app */ = {isa = PBXFileReference; explicitFileType = wrapper.application; includeInIndex = 0; path = AppStoreJA.app; sourceTree = BUILT_PRODUCTS_DIR; };
		D80385B529F505E200D68B01 /* AppDelegate.swift */ = {isa = PBXFileReference; lastKnownFileType = sourcecode.swift; path = AppDelegate.swift; sourceTree = "<group>"; };
		D80385B729F505E200D68B01 /* SceneDelegate.swift */ = {isa = PBXFileReference; lastKnownFileType = sourcecode.swift; path = SceneDelegate.swift; sourceTree = "<group>"; };
		D80385B929F505E200D68B01 /* ViewController.swift */ = {isa = PBXFileReference; lastKnownFileType = sourcecode.swift; path = ViewController.swift; sourceTree = "<group>"; };
		D80385BC29F505E200D68B01 /* Base */ = {isa = PBXFileReference; lastKnownFileType = file.storyboard; name = Base; path = Base.lproj/Main.storyboard; sourceTree = "<group>"; };
		D80385BE29F505E400D68B01 /* Assets.xcassets */ = {isa = PBXFileReference; lastKnownFileType = folder.assetcatalog; path = Assets.xcassets; sourceTree = "<group>"; };
		D80385C129F505E400D68B01 /* Base */ = {isa = PBXFileReference; lastKnownFileType = file.storyboard; name = Base; path = Base.lproj/LaunchScreen.storyboard; sourceTree = "<group>"; };
		D80385C329F505E400D68B01 /* Info.plist */ = {isa = PBXFileReference; lastKnownFileType = text.plist.xml; path = Info.plist; sourceTree = "<group>"; };
		D80385C929F507CD00D68B01 /* BaseTabBarController.swift */ = {isa = PBXFileReference; lastKnownFileType = sourcecode.swift; path = BaseTabBarController.swift; sourceTree = "<group>"; };
		D80385CC29F5695600D68B01 /* AppsSearchController.swift */ = {isa = PBXFileReference; lastKnownFileType = sourcecode.swift; path = AppsSearchController.swift; sourceTree = "<group>"; };
		D80DD20F2A18DBDB00868295 /* TodayMultipleAppsController.swift */ = {isa = PBXFileReference; lastKnownFileType = sourcecode.swift; path = TodayMultipleAppsController.swift; sourceTree = "<group>"; };
		D80DD2112A18DDCF00868295 /* MultipleAppCell.swift */ = {isa = PBXFileReference; lastKnownFileType = sourcecode.swift; path = MultipleAppCell.swift; sourceTree = "<group>"; };
		D80DD2132A1CFDBF00868295 /* BackEnabledNavigationController.swift */ = {isa = PBXFileReference; lastKnownFileType = sourcecode.swift; path = BackEnabledNavigationController.swift; sourceTree = "<group>"; };
		D84549DE2A24D9D80082F841 /* MusicController.swift */ = {isa = PBXFileReference; lastKnownFileType = sourcecode.swift; path = MusicController.swift; sourceTree = "<group>"; };
		D84549E12A24DBF90082F841 /* TrackCell.swift */ = {isa = PBXFileReference; lastKnownFileType = sourcecode.swift; path = TrackCell.swift; sourceTree = "<group>"; };
		D84549E32A24E7A60082F841 /* MusicLoadingFooter.swift */ = {isa = PBXFileReference; lastKnownFileType = sourcecode.swift; path = MusicLoadingFooter.swift; sourceTree = "<group>"; };
		D84549E62A25E7C60082F841 /* AppsCompositionalView.swift */ = {isa = PBXFileReference; lastKnownFileType = sourcecode.swift; path = AppsCompositionalView.swift; sourceTree = "<group>"; };
		D86952F82A09121B0015C60F /* PreviewCell.swift */ = {isa = PBXFileReference; lastKnownFileType = sourcecode.swift; path = PreviewCell.swift; sourceTree = "<group>"; };
		D86952FA2A093B3D0015C60F /* PreviewScreenshotsController.swift */ = {isa = PBXFileReference; lastKnownFileType = sourcecode.swift; path = PreviewScreenshotsController.swift; sourceTree = "<group>"; };
		D86952FC2A0A9D080015C60F /* ReviewRowCell.swift */ = {isa = PBXFileReference; lastKnownFileType = sourcecode.swift; path = ReviewRowCell.swift; sourceTree = "<group>"; };
		D86952FE2A0BA3670015C60F /* ReviewsController.swift */ = {isa = PBXFileReference; lastKnownFileType = sourcecode.swift; path = ReviewsController.swift; sourceTree = "<group>"; };
		D86953002A0BA6870015C60F /* ReviewCell.swift */ = {isa = PBXFileReference; lastKnownFileType = sourcecode.swift; path = ReviewCell.swift; sourceTree = "<group>"; };
		D86953022A0BCFC40015C60F /* Reviews.swift */ = {isa = PBXFileReference; lastKnownFileType = sourcecode.swift; path = Reviews.swift; sourceTree = "<group>"; };
		D86953052A0F93810015C60F /* TodayController.swift */ = {isa = PBXFileReference; lastKnownFileType = sourcecode.swift; path = TodayController.swift; sourceTree = "<group>"; };
		D86953082A0F94DF0015C60F /* TodayCell.swift */ = {isa = PBXFileReference; lastKnownFileType = sourcecode.swift; path = TodayCell.swift; sourceTree = "<group>"; };
		D8B055612A12471B0062A2C4 /* AppFullscreenController.swift */ = {isa = PBXFileReference; lastKnownFileType = sourcecode.swift; path = AppFullscreenController.swift; sourceTree = "<group>"; };
		D8B055632A125FE70062A2C4 /* AppFullscreenDescriptionCell.swift */ = {isa = PBXFileReference; lastKnownFileType = sourcecode.swift; path = AppFullscreenDescriptionCell.swift; sourceTree = "<group>"; };
		D8B055652A13C9F30062A2C4 /* AppFullscreenHeaderCell.swift */ = {isa = PBXFileReference; lastKnownFileType = sourcecode.swift; path = AppFullscreenHeaderCell.swift; sourceTree = "<group>"; };
		D8B055672A1514C90062A2C4 /* TodayItem.swift */ = {isa = PBXFileReference; lastKnownFileType = sourcecode.swift; path = TodayItem.swift; sourceTree = "<group>"; };
		D8BC34312A0149A00025B382 /* SocialApp.swift */ = {isa = PBXFileReference; lastKnownFileType = sourcecode.swift; path = SocialApp.swift; sourceTree = "<group>"; };
		D8BC34332A02B2C20025B382 /* HorizontalSnappingController.swift */ = {isa = PBXFileReference; lastKnownFileType = sourcecode.swift; path = HorizontalSnappingController.swift; sourceTree = "<group>"; };
		D8BC34352A03DFFC0025B382 /* BetterSnappingLayout.swift */ = {isa = PBXFileReference; lastKnownFileType = sourcecode.swift; path = BetterSnappingLayout.swift; sourceTree = "<group>"; };
		D8BC34382A053AB60025B382 /* AppDetailController.swift */ = {isa = PBXFileReference; lastKnownFileType = sourcecode.swift; path = AppDetailController.swift; sourceTree = "<group>"; };
		D8BC343B2A054B350025B382 /* AppDetailCell.swift */ = {isa = PBXFileReference; lastKnownFileType = sourcecode.swift; path = AppDetailCell.swift; sourceTree = "<group>"; };
		D8BEF46629F6A721004FD9A1 /* SearchResultCell.swift */ = {isa = PBXFileReference; lastKnownFileType = sourcecode.swift; path = SearchResultCell.swift; sourceTree = "<group>"; };
		D8BEF46929F6C9AB004FD9A1 /* UIView+Layout.swift */ = {isa = PBXFileReference; fileEncoding = 4; lastKnownFileType = sourcecode.swift; path = "UIView+Layout.swift"; sourceTree = "<group>"; };
		D8BEF46B29F6DD13004FD9A1 /* VerticalStackView.swift */ = {isa = PBXFileReference; lastKnownFileType = sourcecode.swift; path = VerticalStackView.swift; sourceTree = "<group>"; };
		D8CA97B929F7DB3700F670DA /* SearchResult.swift */ = {isa = PBXFileReference; lastKnownFileType = sourcecode.swift; path = SearchResult.swift; sourceTree = "<group>"; };
		D8CA97BC29F8001E00F670DA /* Service.swift */ = {isa = PBXFileReference; lastKnownFileType = sourcecode.swift; path = Service.swift; sourceTree = "<group>"; };
		D8E1705629FBD32F009E3D34 /* AppsPageController.swift */ = {isa = PBXFileReference; lastKnownFileType = sourcecode.swift; path = AppsPageController.swift; sourceTree = "<group>"; };
		D8E1705829FBD4DB009E3D34 /* BaseListController.swift */ = {isa = PBXFileReference; lastKnownFileType = sourcecode.swift; path = BaseListController.swift; sourceTree = "<group>"; };
		D8E1705C29FBD873009E3D34 /* AppsGroupCell.swift */ = {isa = PBXFileReference; lastKnownFileType = sourcecode.swift; path = AppsGroupCell.swift; sourceTree = "<group>"; };
		D8E1705E29FBE067009E3D34 /* AppsHorizontalController.swift */ = {isa = PBXFileReference; lastKnownFileType = sourcecode.swift; path = AppsHorizontalController.swift; sourceTree = "<group>"; };
		D8E1706029FC04B3009E3D34 /* AppRowCell.swift */ = {isa = PBXFileReference; lastKnownFileType = sourcecode.swift; path = AppRowCell.swift; sourceTree = "<group>"; };
		D8E1706229FC08B6009E3D34 /* Extensions.swift */ = {isa = PBXFileReference; lastKnownFileType = sourcecode.swift; path = Extensions.swift; sourceTree = "<group>"; };
		D8E71B722A17A82300E5D6D0 /* TodayMultipleAppCell.swift */ = {isa = PBXFileReference; lastKnownFileType = sourcecode.swift; path = TodayMultipleAppCell.swift; sourceTree = "<group>"; };
		D8E71B742A17B7C300E5D6D0 /* BaseTodayCell.swift */ = {isa = PBXFileReference; lastKnownFileType = sourcecode.swift; path = BaseTodayCell.swift; sourceTree = "<group>"; };
/* End PBXFileReference section */

/* Begin PBXFrameworksBuildPhase section */
		D80385AF29F505E200D68B01 /* Frameworks */ = {
			isa = PBXFrameworksBuildPhase;
			buildActionMask = 2147483647;
			files = (
				D842B26629F92B5E003DB1BA /* SDWebImage in Frameworks */,
			);
			runOnlyForDeploymentPostprocessing = 0;
		};
/* End PBXFrameworksBuildPhase section */

/* Begin PBXGroup section */
		D80385A929F505E100D68B01 = {
			isa = PBXGroup;
			children = (
				D80385B429F505E200D68B01 /* AppStoreJA */,
				D80385B329F505E200D68B01 /* Products */,
			);
			sourceTree = "<group>";
		};
		D80385B329F505E200D68B01 /* Products */ = {
			isa = PBXGroup;
			children = (
				D80385B229F505E200D68B01 /* AppStoreJA.app */,
			);
			name = Products;
			sourceTree = "<group>";
		};
		D80385B429F505E200D68B01 /* AppStoreJA */ = {
			isa = PBXGroup;
			children = (
				D8CA97BB29F8001100F670DA /* Service */,
				D8CA97B829F7DB2400F670DA /* Model */,
				D8BEF46829F6C997004FD9A1 /* Helpers */,
				D8BEF46529F6A6ED004FD9A1 /* Views */,
				D80385CB29F5688E00D68B01 /* Controller */,
				D80385B529F505E200D68B01 /* AppDelegate.swift */,
				D80385B729F505E200D68B01 /* SceneDelegate.swift */,
				D80385B929F505E200D68B01 /* ViewController.swift */,
				D80385BB29F505E200D68B01 /* Main.storyboard */,
				D80385BE29F505E400D68B01 /* Assets.xcassets */,
				D80385C029F505E400D68B01 /* LaunchScreen.storyboard */,
				D80385C329F505E400D68B01 /* Info.plist */,
			);
			path = AppStoreJA;
			sourceTree = "<group>";
		};
		D80385CB29F5688E00D68B01 /* Controller */ = {
			isa = PBXGroup;
			children = (
				D84549DD2A24D99D0082F841 /* Music */,
				D86953042A0F935E0015C60F /* Today */,
				D8E1705A29FBD594009E3D34 /* Search */,
				D8E1705529FBD31B009E3D34 /* Apps */,
				D80385C929F507CD00D68B01 /* BaseTabBarController.swift */,
				D8E1705829FBD4DB009E3D34 /* BaseListController.swift */,
				D8BC34332A02B2C20025B382 /* HorizontalSnappingController.swift */,
			);
			path = Controller;
			sourceTree = "<group>";
		};
		D84549DD2A24D99D0082F841 /* Music */ = {
			isa = PBXGroup;
			children = (
				D84549DE2A24D9D80082F841 /* MusicController.swift */,
			);
			path = Music;
			sourceTree = "<group>";
		};
		D84549E02A24DBD20082F841 /* Music */ = {
			isa = PBXGroup;
			children = (
				D84549E12A24DBF90082F841 /* TrackCell.swift */,
				D84549E32A24E7A60082F841 /* MusicLoadingFooter.swift */,
			);
			path = Music;
			sourceTree = "<group>";
		};
		D84549E52A25E7580082F841 /* Compositional */ = {
			isa = PBXGroup;
			children = (
				D84549E62A25E7C60082F841 /* AppsCompositionalView.swift */,
			);
			path = Compositional;
			sourceTree = "<group>";
		};
		D86953042A0F935E0015C60F /* Today */ = {
			isa = PBXGroup;
			children = (
				D86953052A0F93810015C60F /* TodayController.swift */,
				D8B055612A12471B0062A2C4 /* AppFullscreenController.swift */,
				D80DD20F2A18DBDB00868295 /* TodayMultipleAppsController.swift */,
				D80DD2132A1CFDBF00868295 /* BackEnabledNavigationController.swift */,
			);
			path = Today;
			sourceTree = "<group>";
		};
		D86953072A0F94CC0015C60F /* Today */ = {
			isa = PBXGroup;
			children = (
				D86953082A0F94DF0015C60F /* TodayCell.swift */,
				D8B055632A125FE70062A2C4 /* AppFullscreenDescriptionCell.swift */,
				D8B055652A13C9F30062A2C4 /* AppFullscreenHeaderCell.swift */,
				D8E71B722A17A82300E5D6D0 /* TodayMultipleAppCell.swift */,
				D8E71B742A17B7C300E5D6D0 /* BaseTodayCell.swift */,
				D80DD2112A18DDCF00868295 /* MultipleAppCell.swift */,
			);
			path = Today;
			sourceTree = "<group>";
		};
		D8BC34372A053A950025B382 /* Details */ = {
			isa = PBXGroup;
			children = (
				D8BC34382A053AB60025B382 /* AppDetailController.swift */,
				D86952FA2A093B3D0015C60F /* PreviewScreenshotsController.swift */,
				D86952FE2A0BA3670015C60F /* ReviewsController.swift */,
			);
			path = Details;
			sourceTree = "<group>";
		};
		D8BC343A2A054B180025B382 /* Details */ = {
			isa = PBXGroup;
			children = (
				D8BC343B2A054B350025B382 /* AppDetailCell.swift */,
				D86952F82A09121B0015C60F /* PreviewCell.swift */,
				D86952FC2A0A9D080015C60F /* ReviewRowCell.swift */,
				D86953002A0BA6870015C60F /* ReviewCell.swift */,
			);
			path = Details;
			sourceTree = "<group>";
		};
		D8BEF46529F6A6ED004FD9A1 /* Views */ = {
			isa = PBXGroup;
			children = (
				D84549E02A24DBD20082F841 /* Music */,
				D86953072A0F94CC0015C60F /* Today */,
				D8E1705B29FBD861009E3D34 /* Apps */,
				D8BEF46629F6A721004FD9A1 /* SearchResultCell.swift */,
			);
			path = Views;
			sourceTree = "<group>";
		};
		D8BEF46829F6C997004FD9A1 /* Helpers */ = {
			isa = PBXGroup;
			children = (
				D8BEF46929F6C9AB004FD9A1 /* UIView+Layout.swift */,
				D8BEF46B29F6DD13004FD9A1 /* VerticalStackView.swift */,
				D8E1706229FC08B6009E3D34 /* Extensions.swift */,
				D8BC34352A03DFFC0025B382 /* BetterSnappingLayout.swift */,
			);
			path = Helpers;
			sourceTree = "<group>";
		};
		D8CA97B829F7DB2400F670DA /* Model */ = {
			isa = PBXGroup;
			children = (
				D8CA97B929F7DB3700F670DA /* SearchResult.swift */,
				D8029A2A29FE49840055413C /* AppGroup.swift */,
				D8BC34312A0149A00025B382 /* SocialApp.swift */,
				D86953022A0BCFC40015C60F /* Reviews.swift */,
				D8B055672A1514C90062A2C4 /* TodayItem.swift */,
			);
			path = Model;
			sourceTree = "<group>";
		};
		D8CA97BB29F8001100F670DA /* Service */ = {
			isa = PBXGroup;
			children = (
				D8CA97BC29F8001E00F670DA /* Service.swift */,
			);
			path = Service;
			sourceTree = "<group>";
		};
		D8E1705529FBD31B009E3D34 /* Apps */ = {
			isa = PBXGroup;
			children = (
				D84549E52A25E7580082F841 /* Compositional */,
				D8BC34372A053A950025B382 /* Details */,
				D8E1705629FBD32F009E3D34 /* AppsPageController.swift */,
				D8E1705E29FBE067009E3D34 /* AppsHorizontalController.swift */,
				D8029A2629FCE5850055413C /* AppsHeaderHorizontalController.swift */,
			);
			path = Apps;
			sourceTree = "<group>";
		};
		D8E1705A29FBD594009E3D34 /* Search */ = {
			isa = PBXGroup;
			children = (
				D80385CC29F5695600D68B01 /* AppsSearchController.swift */,
			);
			path = Search;
			sourceTree = "<group>";
		};
		D8E1705B29FBD861009E3D34 /* Apps */ = {
			isa = PBXGroup;
			children = (
				D8BC343A2A054B180025B382 /* Details */,
				D8E1705C29FBD873009E3D34 /* AppsGroupCell.swift */,
				D8E1706029FC04B3009E3D34 /* AppRowCell.swift */,
				D8029A2429FCE15D0055413C /* AppsPageHeader.swift */,
				D8029A2829FCE8E40055413C /* AppsHeaderCell.swift */,
			);
			path = Apps;
			sourceTree = "<group>";
		};
/* End PBXGroup section */

/* Begin PBXNativeTarget section */
		D80385B129F505E200D68B01 /* AppStoreJA */ = {
			isa = PBXNativeTarget;
			buildConfigurationList = D80385C629F505E400D68B01 /* Build configuration list for PBXNativeTarget "AppStoreJA" */;
			buildPhases = (
				D80385AE29F505E200D68B01 /* Sources */,
				D80385AF29F505E200D68B01 /* Frameworks */,
				D80385B029F505E200D68B01 /* Resources */,
			);
			buildRules = (
			);
			dependencies = (
			);
			name = AppStoreJA;
			packageProductDependencies = (
				D842B26529F92B5E003DB1BA /* SDWebImage */,
			);
			productName = AppStoreJA;
			productReference = D80385B229F505E200D68B01 /* AppStoreJA.app */;
			productType = "com.apple.product-type.application";
		};
/* End PBXNativeTarget section */

/* Begin PBXProject section */
		D80385AA29F505E200D68B01 /* Project object */ = {
			isa = PBXProject;
			attributes = {
				BuildIndependentTargetsInParallel = 1;
				LastSwiftUpdateCheck = 1410;
				LastUpgradeCheck = 1410;
				TargetAttributes = {
					D80385B129F505E200D68B01 = {
						CreatedOnToolsVersion = 14.1;
					};
				};
			};
			buildConfigurationList = D80385AD29F505E200D68B01 /* Build configuration list for PBXProject "AppStoreJA" */;
			compatibilityVersion = "Xcode 14.0";
			developmentRegion = en;
			hasScannedForEncodings = 0;
			knownRegions = (
				en,
				Base,
			);
			mainGroup = D80385A929F505E100D68B01;
			packageReferences = (
				D842B26429F92B5E003DB1BA /* XCRemoteSwiftPackageReference "SDWebImage" */,
			);
			productRefGroup = D80385B329F505E200D68B01 /* Products */;
			projectDirPath = "";
			projectRoot = "";
			targets = (
				D80385B129F505E200D68B01 /* AppStoreJA */,
			);
		};
/* End PBXProject section */

/* Begin PBXResourcesBuildPhase section */
		D80385B029F505E200D68B01 /* Resources */ = {
			isa = PBXResourcesBuildPhase;
			buildActionMask = 2147483647;
			files = (
				D80385C229F505E400D68B01 /* LaunchScreen.storyboard in Resources */,
				D80385BF29F505E400D68B01 /* Assets.xcassets in Resources */,
				D80385BD29F505E200D68B01 /* Main.storyboard in Resources */,
			);
			runOnlyForDeploymentPostprocessing = 0;
		};
/* End PBXResourcesBuildPhase section */

/* Begin PBXSourcesBuildPhase section */
		D80385AE29F505E200D68B01 /* Sources */ = {
			isa = PBXSourcesBuildPhase;
			buildActionMask = 2147483647;
			files = (
				D80385CA29F507CD00D68B01 /* BaseTabBarController.swift in Sources */,
				D86953012A0BA6870015C60F /* ReviewCell.swift in Sources */,
				D8BC34322A0149A00025B382 /* SocialApp.swift in Sources */,
				D8E1705729FBD32F009E3D34 /* AppsPageController.swift in Sources */,
				D8CA97BA29F7DB3700F670DA /* SearchResult.swift in Sources */,
				D86952FB2A093B3D0015C60F /* PreviewScreenshotsController.swift in Sources */,
				D8E71B752A17B7C300E5D6D0 /* BaseTodayCell.swift in Sources */,
				D80385BA29F505E200D68B01 /* ViewController.swift in Sources */,
				D80385B629F505E200D68B01 /* AppDelegate.swift in Sources */,
				D84549E42A24E7A60082F841 /* MusicLoadingFooter.swift in Sources */,
				D86953092A0F94DF0015C60F /* TodayCell.swift in Sources */,
				D80385CD29F5695600D68B01 /* AppsSearchController.swift in Sources */,
				D8E1705D29FBD873009E3D34 /* AppsGroupCell.swift in Sources */,
				D8B055642A125FE70062A2C4 /* AppFullscreenDescriptionCell.swift in Sources */,
				D8BEF46729F6A721004FD9A1 /* SearchResultCell.swift in Sources */,
				D8B055682A1514C90062A2C4 /* TodayItem.swift in Sources */,
				D84549E72A25E7C60082F841 /* AppsCompositionalView.swift in Sources */,
				D8B055662A13C9F30062A2C4 /* AppFullscreenHeaderCell.swift in Sources */,
				D8BC34342A02B2C20025B382 /* HorizontalSnappingController.swift in Sources */,
				D8BC34362A03DFFC0025B382 /* BetterSnappingLayout.swift in Sources */,
				D80DD2142A1CFDBF00868295 /* BackEnabledNavigationController.swift in Sources */,
				D8E71B732A17A82300E5D6D0 /* TodayMultipleAppCell.swift in Sources */,
				D80DD2102A18DBDB00868295 /* TodayMultipleAppsController.swift in Sources */,
				D8BEF46C29F6DD13004FD9A1 /* VerticalStackView.swift in Sources */,
				D8BC34392A053AB60025B382 /* AppDetailController.swift in Sources */,
				D8B055622A12471B0062A2C4 /* AppFullscreenController.swift in Sources */,
				D84549DF2A24D9D80082F841 /* MusicController.swift in Sources */,
				D8CA97BD29F8001E00F670DA /* Service.swift in Sources */,
				D8029A2729FCE5850055413C /* AppsHeaderHorizontalController.swift in Sources */,
				D84549E22A24DBF90082F841 /* TrackCell.swift in Sources */,
				D8029A2529FCE15D0055413C /* AppsPageHeader.swift in Sources */,
				D8BEF46A29F6C9AB004FD9A1 /* UIView+Layout.swift in Sources */,
				D86952FF2A0BA3670015C60F /* ReviewsController.swift in Sources */,
				D8E1706329FC08B6009E3D34 /* Extensions.swift in Sources */,
				D86953062A0F93810015C60F /* TodayController.swift in Sources */,
				D80DD2122A18DDCF00868295 /* MultipleAppCell.swift in Sources */,
				D8E1705929FBD4DB009E3D34 /* BaseListController.swift in Sources */,
				D8029A2B29FE49840055413C /* AppGroup.swift in Sources */,
				D86953032A0BCFC40015C60F /* Reviews.swift in Sources */,
				D8BC343C2A054B350025B382 /* AppDetailCell.swift in Sources */,
				D8029A2929FCE8E40055413C /* AppsHeaderCell.swift in Sources */,
				D86952F92A09121B0015C60F /* PreviewCell.swift in Sources */,
				D86952FD2A0A9D080015C60F /* ReviewRowCell.swift in Sources */,
				D80385B829F505E200D68B01 /* SceneDelegate.swift in Sources */,
				D8E1705F29FBE067009E3D34 /* AppsHorizontalController.swift in Sources */,
				D8E1706129FC04B3009E3D34 /* AppRowCell.swift in Sources */,
			);
			runOnlyForDeploymentPostprocessing = 0;
		};
/* End PBXSourcesBuildPhase section */

/* Begin PBXVariantGroup section */
		D80385BB29F505E200D68B01 /* Main.storyboard */ = {
			isa = PBXVariantGroup;
			children = (
				D80385BC29F505E200D68B01 /* Base */,
			);
			name = Main.storyboard;
			sourceTree = "<group>";
		};
		D80385C029F505E400D68B01 /* LaunchScreen.storyboard */ = {
			isa = PBXVariantGroup;
			children = (
				D80385C129F505E400D68B01 /* Base */,
			);
			name = LaunchScreen.storyboard;
			sourceTree = "<group>";
		};
/* End PBXVariantGroup section */

/* Begin XCBuildConfiguration section */
		D80385C429F505E400D68B01 /* Debug */ = {
			isa = XCBuildConfiguration;
			buildSettings = {
				ALWAYS_SEARCH_USER_PATHS = NO;
				CLANG_ANALYZER_NONNULL = YES;
				CLANG_ANALYZER_NUMBER_OBJECT_CONVERSION = YES_AGGRESSIVE;
				CLANG_CXX_LANGUAGE_STANDARD = "gnu++20";
				CLANG_ENABLE_MODULES = YES;
				CLANG_ENABLE_OBJC_ARC = YES;
				CLANG_ENABLE_OBJC_WEAK = YES;
				CLANG_WARN_BLOCK_CAPTURE_AUTORELEASING = YES;
				CLANG_WARN_BOOL_CONVERSION = YES;
				CLANG_WARN_COMMA = YES;
				CLANG_WARN_CONSTANT_CONVERSION = YES;
				CLANG_WARN_DEPRECATED_OBJC_IMPLEMENTATIONS = YES;
				CLANG_WARN_DIRECT_OBJC_ISA_USAGE = YES_ERROR;
				CLANG_WARN_DOCUMENTATION_COMMENTS = YES;
				CLANG_WARN_EMPTY_BODY = YES;
				CLANG_WARN_ENUM_CONVERSION = YES;
				CLANG_WARN_INFINITE_RECURSION = YES;
				CLANG_WARN_INT_CONVERSION = YES;
				CLANG_WARN_NON_LITERAL_NULL_CONVERSION = YES;
				CLANG_WARN_OBJC_IMPLICIT_RETAIN_SELF = YES;
				CLANG_WARN_OBJC_LITERAL_CONVERSION = YES;
				CLANG_WARN_OBJC_ROOT_CLASS = YES_ERROR;
				CLANG_WARN_QUOTED_INCLUDE_IN_FRAMEWORK_HEADER = YES;
				CLANG_WARN_RANGE_LOOP_ANALYSIS = YES;
				CLANG_WARN_STRICT_PROTOTYPES = YES;
				CLANG_WARN_SUSPICIOUS_MOVE = YES;
				CLANG_WARN_UNGUARDED_AVAILABILITY = YES_AGGRESSIVE;
				CLANG_WARN_UNREACHABLE_CODE = YES;
				CLANG_WARN__DUPLICATE_METHOD_MATCH = YES;
				COPY_PHASE_STRIP = NO;
				DEBUG_INFORMATION_FORMAT = dwarf;
				ENABLE_STRICT_OBJC_MSGSEND = YES;
				ENABLE_TESTABILITY = YES;
				GCC_C_LANGUAGE_STANDARD = gnu11;
				GCC_DYNAMIC_NO_PIC = NO;
				GCC_NO_COMMON_BLOCKS = YES;
				GCC_OPTIMIZATION_LEVEL = 0;
				GCC_PREPROCESSOR_DEFINITIONS = (
					"DEBUG=1",
					"$(inherited)",
				);
				GCC_WARN_64_TO_32_BIT_CONVERSION = YES;
				GCC_WARN_ABOUT_RETURN_TYPE = YES_ERROR;
				GCC_WARN_UNDECLARED_SELECTOR = YES;
				GCC_WARN_UNINITIALIZED_AUTOS = YES_AGGRESSIVE;
				GCC_WARN_UNUSED_FUNCTION = YES;
				GCC_WARN_UNUSED_VARIABLE = YES;
				IPHONEOS_DEPLOYMENT_TARGET = 16.1;
				MTL_ENABLE_DEBUG_INFO = INCLUDE_SOURCE;
				MTL_FAST_MATH = YES;
				ONLY_ACTIVE_ARCH = YES;
				SDKROOT = iphoneos;
				SWIFT_ACTIVE_COMPILATION_CONDITIONS = DEBUG;
				SWIFT_OPTIMIZATION_LEVEL = "-Onone";
			};
			name = Debug;
		};
		D80385C529F505E400D68B01 /* Release */ = {
			isa = XCBuildConfiguration;
			buildSettings = {
				ALWAYS_SEARCH_USER_PATHS = NO;
				CLANG_ANALYZER_NONNULL = YES;
				CLANG_ANALYZER_NUMBER_OBJECT_CONVERSION = YES_AGGRESSIVE;
				CLANG_CXX_LANGUAGE_STANDARD = "gnu++20";
				CLANG_ENABLE_MODULES = YES;
				CLANG_ENABLE_OBJC_ARC = YES;
				CLANG_ENABLE_OBJC_WEAK = YES;
				CLANG_WARN_BLOCK_CAPTURE_AUTORELEASING = YES;
				CLANG_WARN_BOOL_CONVERSION = YES;
				CLANG_WARN_COMMA = YES;
				CLANG_WARN_CONSTANT_CONVERSION = YES;
				CLANG_WARN_DEPRECATED_OBJC_IMPLEMENTATIONS = YES;
				CLANG_WARN_DIRECT_OBJC_ISA_USAGE = YES_ERROR;
				CLANG_WARN_DOCUMENTATION_COMMENTS = YES;
				CLANG_WARN_EMPTY_BODY = YES;
				CLANG_WARN_ENUM_CONVERSION = YES;
				CLANG_WARN_INFINITE_RECURSION = YES;
				CLANG_WARN_INT_CONVERSION = YES;
				CLANG_WARN_NON_LITERAL_NULL_CONVERSION = YES;
				CLANG_WARN_OBJC_IMPLICIT_RETAIN_SELF = YES;
				CLANG_WARN_OBJC_LITERAL_CONVERSION = YES;
				CLANG_WARN_OBJC_ROOT_CLASS = YES_ERROR;
				CLANG_WARN_QUOTED_INCLUDE_IN_FRAMEWORK_HEADER = YES;
				CLANG_WARN_RANGE_LOOP_ANALYSIS = YES;
				CLANG_WARN_STRICT_PROTOTYPES = YES;
				CLANG_WARN_SUSPICIOUS_MOVE = YES;
				CLANG_WARN_UNGUARDED_AVAILABILITY = YES_AGGRESSIVE;
				CLANG_WARN_UNREACHABLE_CODE = YES;
				CLANG_WARN__DUPLICATE_METHOD_MATCH = YES;
				COPY_PHASE_STRIP = NO;
				DEBUG_INFORMATION_FORMAT = "dwarf-with-dsym";
				ENABLE_NS_ASSERTIONS = NO;
				ENABLE_STRICT_OBJC_MSGSEND = YES;
				GCC_C_LANGUAGE_STANDARD = gnu11;
				GCC_NO_COMMON_BLOCKS = YES;
				GCC_WARN_64_TO_32_BIT_CONVERSION = YES;
				GCC_WARN_ABOUT_RETURN_TYPE = YES_ERROR;
				GCC_WARN_UNDECLARED_SELECTOR = YES;
				GCC_WARN_UNINITIALIZED_AUTOS = YES_AGGRESSIVE;
				GCC_WARN_UNUSED_FUNCTION = YES;
				GCC_WARN_UNUSED_VARIABLE = YES;
				IPHONEOS_DEPLOYMENT_TARGET = 16.1;
				MTL_ENABLE_DEBUG_INFO = NO;
				MTL_FAST_MATH = YES;
				SDKROOT = iphoneos;
				SWIFT_COMPILATION_MODE = wholemodule;
				SWIFT_OPTIMIZATION_LEVEL = "-O";
				VALIDATE_PRODUCT = YES;
			};
			name = Release;
		};
		D80385C729F505E400D68B01 /* Debug */ = {
			isa = XCBuildConfiguration;
			buildSettings = {
				ASSETCATALOG_COMPILER_APPICON_NAME = AppIcon;
				ASSETCATALOG_COMPILER_GLOBAL_ACCENT_COLOR_NAME = AccentColor;
				CODE_SIGN_STYLE = Automatic;
				CURRENT_PROJECT_VERSION = 1;
				DEVELOPMENT_TEAM = Q5CYH8RVUS;
				GENERATE_INFOPLIST_FILE = YES;
				INFOPLIST_FILE = AppStoreJA/Info.plist;
				INFOPLIST_KEY_UIApplicationSupportsIndirectInputEvents = YES;
				INFOPLIST_KEY_UILaunchStoryboardName = LaunchScreen;
				INFOPLIST_KEY_UIMainStoryboardFile = Main;
				INFOPLIST_KEY_UISupportedInterfaceOrientations = UIInterfaceOrientationPortrait;
				LD_RUNPATH_SEARCH_PATHS = (
					"$(inherited)",
					"@executable_path/Frameworks",
				);
				MARKETING_VERSION = 1.0;
				PRODUCT_BUNDLE_IDENTIFIER = com.joe3524.AppStoreJA;
				PRODUCT_NAME = "$(TARGET_NAME)";
				SWIFT_EMIT_LOC_STRINGS = YES;
				SWIFT_VERSION = 5.0;
				TARGETED_DEVICE_FAMILY = "1,2";
			};
			name = Debug;
		};
		D80385C829F505E400D68B01 /* Release */ = {
			isa = XCBuildConfiguration;
			buildSettings = {
				ASSETCATALOG_COMPILER_APPICON_NAME = AppIcon;
				ASSETCATALOG_COMPILER_GLOBAL_ACCENT_COLOR_NAME = AccentColor;
				CODE_SIGN_STYLE = Automatic;
				CURRENT_PROJECT_VERSION = 1;
				DEVELOPMENT_TEAM = Q5CYH8RVUS;
				GENERATE_INFOPLIST_FILE = YES;
				INFOPLIST_FILE = AppStoreJA/Info.plist;
				INFOPLIST_KEY_UIApplicationSupportsIndirectInputEvents = YES;
				INFOPLIST_KEY_UILaunchStoryboardName = LaunchScreen;
				INFOPLIST_KEY_UIMainStoryboardFile = Main;
				INFOPLIST_KEY_UISupportedInterfaceOrientations = UIInterfaceOrientationPortrait;
				LD_RUNPATH_SEARCH_PATHS = (
					"$(inherited)",
					"@executable_path/Frameworks",
				);
				MARKETING_VERSION = 1.0;
				PRODUCT_BUNDLE_IDENTIFIER = com.joe3524.AppStoreJA;
				PRODUCT_NAME = "$(TARGET_NAME)";
				SWIFT_EMIT_LOC_STRINGS = YES;
				SWIFT_VERSION = 5.0;
				TARGETED_DEVICE_FAMILY = "1,2";
			};
			name = Release;
		};
/* End XCBuildConfiguration section */

/* Begin XCConfigurationList section */
		D80385AD29F505E200D68B01 /* Build configuration list for PBXProject "AppStoreJA" */ = {
			isa = XCConfigurationList;
			buildConfigurations = (
				D80385C429F505E400D68B01 /* Debug */,
				D80385C529F505E400D68B01 /* Release */,
			);
			defaultConfigurationIsVisible = 0;
			defaultConfigurationName = Release;
		};
		D80385C629F505E400D68B01 /* Build configuration list for PBXNativeTarget "AppStoreJA" */ = {
			isa = XCConfigurationList;
			buildConfigurations = (
				D80385C729F505E400D68B01 /* Debug */,
				D80385C829F505E400D68B01 /* Release */,
			);
			defaultConfigurationIsVisible = 0;
			defaultConfigurationName = Release;
		};
/* End XCConfigurationList section */

/* Begin XCRemoteSwiftPackageReference section */
		D842B26429F92B5E003DB1BA /* XCRemoteSwiftPackageReference "SDWebImage" */ = {
			isa = XCRemoteSwiftPackageReference;
			repositoryURL = "https://github.com/SDWebImage/SDWebImage.git";
			requirement = {
				kind = upToNextMajorVersion;
				minimumVersion = 5.0.0;
			};
		};
/* End XCRemoteSwiftPackageReference section */

/* Begin XCSwiftPackageProductDependency section */
		D842B26529F92B5E003DB1BA /* SDWebImage */ = {
			isa = XCSwiftPackageProductDependency;
			package = D842B26429F92B5E003DB1BA /* XCRemoteSwiftPackageReference "SDWebImage" */;
			productName = SDWebImage;
		};
/* End XCSwiftPackageProductDependency section */
	};
	rootObject = D80385AA29F505E200D68B01 /* Project object */;
}
